// !$*UTF8*$!
{
	archiveVersion = 1;
	classes = {
	};
	objectVersion = 46;
	objects = {

/* Begin PBXBuildFile section */
		FCBE97721B0523540022E22A /* AppDelegate.swift in Sources */ = {isa = PBXBuildFile; fileRef = FCBE97711B0523540022E22A /* AppDelegate.swift */; };
		FCBE97741B0523540022E22A /* ViewController.swift in Sources */ = {isa = PBXBuildFile; fileRef = FCBE97731B0523540022E22A /* ViewController.swift */; };
		FCBE97771B0523540022E22A /* Main.storyboard in Resources */ = {isa = PBXBuildFile; fileRef = FCBE97751B0523540022E22A /* Main.storyboard */; };
		FCBE97791B0523540022E22A /* Images.xcassets in Resources */ = {isa = PBXBuildFile; fileRef = FCBE97781B0523540022E22A /* Images.xcassets */; };
		FCBE977C1B0523540022E22A /* LaunchScreen.xib in Resources */ = {isa = PBXBuildFile; fileRef = FCBE977A1B0523540022E22A /* LaunchScreen.xib */; };
		FCBE97881B0523540022E22A /* Simple_Image_PickerTests.swift in Sources */ = {isa = PBXBuildFile; fileRef = FCBE97871B0523540022E22A /* Simple_Image_PickerTests.swift */; };
/* End PBXBuildFile section */

/* Begin PBXContainerItemProxy section */
		FCBE97821B0523540022E22A /* PBXContainerItemProxy */ = {
			isa = PBXContainerItemProxy;
			containerPortal = FCBE97641B0523540022E22A /* Project object */;
			proxyType = 1;
			remoteGlobalIDString = FCBE976B1B0523540022E22A;
			remoteInfo = "Simple Image Picker";
		};
/* End PBXContainerItemProxy section */

/* Begin PBXFileReference section */
		FCBE976C1B0523540022E22A /* Simple Image Picker.app */ = {isa = PBXFileReference; explicitFileType = wrapper.application; includeInIndex = 0; path = "Simple Image Picker.app"; sourceTree = BUILT_PRODUCTS_DIR; };
		FCBE97701B0523540022E22A /* Info.plist */ = {isa = PBXFileReference; lastKnownFileType = text.plist.xml; path = Info.plist; sourceTree = "<group>"; };
		FCBE97711B0523540022E22A /* AppDelegate.swift */ = {isa = PBXFileReference; lastKnownFileType = sourcecode.swift; path = AppDelegate.swift; sourceTree = "<group>"; };
		FCBE97731B0523540022E22A /* ViewController.swift */ = {isa = PBXFileReference; lastKnownFileType = sourcecode.swift; path = ViewController.swift; sourceTree = "<group>"; };
		FCBE97761B0523540022E22A /* Base */ = {isa = PBXFileReference; lastKnownFileType = file.storyboard; name = Base; path = Base.lproj/Main.storyboard; sourceTree = "<group>"; };
		FCBE97781B0523540022E22A /* Images.xcassets */ = {isa = PBXFileReference; lastKnownFileType = folder.assetcatalog; path = Images.xcassets; sourceTree = "<group>"; };
		FCBE977B1B0523540022E22A /* Base */ = {isa = PBXFileReference; lastKnownFileType = file.xib; name = Base; path = Base.lproj/LaunchScreen.xib; sourceTree = "<group>"; };
		FCBE97811B0523540022E22A /* Simple Image PickerTests.xctest */ = {isa = PBXFileReference; explicitFileType = wrapper.cfbundle; includeInIndex = 0; path = "Simple Image PickerTests.xctest"; sourceTree = BUILT_PRODUCTS_DIR; };
		FCBE97861B0523540022E22A /* Info.plist */ = {isa = PBXFileReference; lastKnownFileType = text.plist.xml; path = Info.plist; sourceTree = "<group>"; };
		FCBE97871B0523540022E22A /* Simple_Image_PickerTests.swift */ = {isa = PBXFileReference; lastKnownFileType = sourcecode.swift; path = Simple_Image_PickerTests.swift; sourceTree = "<group>"; };
/* End PBXFileReference section */

/* Begin PBXFrameworksBuildPhase section */
		FCBE97691B0523540022E22A /* Frameworks */ = {
			isa = PBXFrameworksBuildPhase;
			buildActionMask = 2147483647;
			files = (
			);
			runOnlyForDeploymentPostprocessing = 0;
		};
		FCBE977E1B0523540022E22A /* Frameworks */ = {
			isa = PBXFrameworksBuildPhase;
			buildActionMask = 2147483647;
			files = (
			);
			runOnlyForDeploymentPostprocessing = 0;
		};
/* End PBXFrameworksBuildPhase section */

/* Begin PBXGroup section */
		FCBE97631B0523540022E22A = {
			isa = PBXGroup;
			children = (
				FCBE976E1B0523540022E22A /* Simple Image Picker */,
				FCBE97841B0523540022E22A /* Simple Image PickerTests */,
				FCBE976D1B0523540022E22A /* Products */,
			);
			sourceTree = "<group>";
		};
		FCBE976D1B0523540022E22A /* Products */ = {
			isa = PBXGroup;
			children = (
				FCBE976C1B0523540022E22A /* Simple Image Picker.app */,
				FCBE97811B0523540022E22A /* Simple Image PickerTests.xctest */,
			);
			name = Products;
			sourceTree = "<group>";
		};
		FCBE976E1B0523540022E22A /* Simple Image Picker */ = {
			isa = PBXGroup;
			children = (
				FCBE97711B0523540022E22A /* AppDelegate.swift */,
				FCBE97731B0523540022E22A /* ViewController.swift */,
				FCBE97751B0523540022E22A /* Main.storyboard */,
				FCBE97781B0523540022E22A /* Images.xcassets */,
				FCBE977A1B0523540022E22A /* LaunchScreen.xib */,
				FCBE976F1B0523540022E22A /* Supporting Files */,
			);
			path = "Simple Image Picker";
			sourceTree = "<group>";
		};
		FCBE976F1B0523540022E22A /* Supporting Files */ = {
			isa = PBXGroup;
			children = (
				FCBE97701B0523540022E22A /* Info.plist */,
			);
			name = "Supporting Files";
			sourceTree = "<group>";
		};
		FCBE97841B0523540022E22A /* Simple Image PickerTests */ = {
			isa = PBXGroup;
			children = (
				FCBE97871B0523540022E22A /* Simple_Image_PickerTests.swift */,
				FCBE97851B0523540022E22A /* Supporting Files */,
			);
			path = "Simple Image PickerTests";
			sourceTree = "<group>";
		};
		FCBE97851B0523540022E22A /* Supporting Files */ = {
			isa = PBXGroup;
			children = (
				FCBE97861B0523540022E22A /* Info.plist */,
			);
			name = "Supporting Files";
			sourceTree = "<group>";
		};
/* End PBXGroup section */

/* Begin PBXNativeTarget section */
		FCBE976B1B0523540022E22A /* Simple Image Picker */ = {
			isa = PBXNativeTarget;
			buildConfigurationList = FCBE978B1B0523540022E22A /* Build configuration list for PBXNativeTarget "Simple Image Picker" */;
			buildPhases = (
				FCBE97681B0523540022E22A /* Sources */,
				FCBE97691B0523540022E22A /* Frameworks */,
				FCBE976A1B0523540022E22A /* Resources */,
			);
			buildRules = (
			);
			dependencies = (
			);
			name = "Simple Image Picker";
			productName = "Simple Image Picker";
			productReference = FCBE976C1B0523540022E22A /* Simple Image Picker.app */;
			productType = "com.apple.product-type.application";
		};
		FCBE97801B0523540022E22A /* Simple Image PickerTests */ = {
			isa = PBXNativeTarget;
			buildConfigurationList = FCBE978E1B0523540022E22A /* Build configuration list for PBXNativeTarget "Simple Image PickerTests" */;
			buildPhases = (
				FCBE977D1B0523540022E22A /* Sources */,
				FCBE977E1B0523540022E22A /* Frameworks */,
				FCBE977F1B0523540022E22A /* Resources */,
			);
			buildRules = (
			);
			dependencies = (
				FCBE97831B0523540022E22A /* PBXTargetDependency */,
			);
			name = "Simple Image PickerTests";
			productName = "Simple Image PickerTests";
			productReference = FCBE97811B0523540022E22A /* Simple Image PickerTests.xctest */;
			productType = "com.apple.product-type.bundle.unit-test";
		};
/* End PBXNativeTarget section */

/* Begin PBXProject section */
		FCBE97641B0523540022E22A /* Project object */ = {
			isa = PBXProject;
			attributes = {
				LastUpgradeCheck = 0630;
				ORGANIZATIONNAME = "JonGor Software";
				TargetAttributes = {
					FCBE976B1B0523540022E22A = {
						CreatedOnToolsVersion = 6.3.1;
					};
					FCBE97801B0523540022E22A = {
						CreatedOnToolsVersion = 6.3.1;
						TestTargetID = FCBE976B1B0523540022E22A;
					};
				};
			};
			buildConfigurationList = FCBE97671B0523540022E22A /* Build configuration list for PBXProject "Simple Image Picker" */;
			compatibilityVersion = "Xcode 3.2";
			developmentRegion = English;
			hasScannedForEncodings = 0;
			knownRegions = (
				en,
				Base,
			);
			mainGroup = FCBE97631B0523540022E22A;
			productRefGroup = FCBE976D1B0523540022E22A /* Products */;
			projectDirPath = "";
			projectRoot = "";
			targets = (
				FCBE976B1B0523540022E22A /* Simple Image Picker */,
				FCBE97801B0523540022E22A /* Simple Image PickerTests */,
			);
		};
/* End PBXProject section */

/* Begin PBXResourcesBuildPhase section */
		FCBE976A1B0523540022E22A /* Resources */ = {
			isa = PBXResourcesBuildPhase;
			buildActionMask = 2147483647;
			files = (
				FCBE97771B0523540022E22A /* Main.storyboard in Resources */,
				FCBE977C1B0523540022E22A /* LaunchScreen.xib in Resources */,
				FCBE97791B0523540022E22A /* Images.xcassets in Resources */,
			);
			runOnlyForDeploymentPostprocessing = 0;
		};
		FCBE977F1B0523540022E22A /* Resources */ = {
			isa = PBXResourcesBuildPhase;
			buildActionMask = 2147483647;
			files = (
			);
			runOnlyForDeploymentPostprocessing = 0;
		};
/* End PBXResourcesBuildPhase section */

/* Begin PBXSourcesBuildPhase section */
		FCBE97681B0523540022E22A /* Sources */ = {
			isa = PBXSourcesBuildPhase;
			buildActionMask = 2147483647;
			files = (
				FCBE97741B0523540022E22A /* ViewController.swift in Sources */,
				FCBE97721B0523540022E22A /* AppDelegate.swift in Sources */,
			);
			runOnlyForDeploymentPostprocessing = 0;
		};
		FCBE977D1B0523540022E22A /* Sources */ = {
			isa = PBXSourcesBuildPhase;
			buildActionMask = 2147483647;
			files = (
				FCBE97881B0523540022E22A /* Simple_Image_PickerTests.swift in Sources */,
			);
			runOnlyForDeploymentPostprocessing = 0;
		};
/* End PBXSourcesBuildPhase section */

/* Begin PBXTargetDependency section */
		FCBE97831B0523540022E22A /* PBXTargetDependency */ = {
			isa = PBXTargetDependency;
			target = FCBE976B1B0523540022E22A /* Simple Image Picker */;
			targetProxy = FCBE97821B0523540022E22A /* PBXContainerItemProxy */;
		};
/* End PBXTargetDependency section */

/* Begin PBXVariantGroup section */
		FCBE97751B0523540022E22A /* Main.storyboard */ = {
			isa = PBXVariantGroup;
			children = (
				FCBE97761B0523540022E22A /* Base */,
			);
			name = Main.storyboard;
			sourceTree = "<group>";
		};
		FCBE977A1B0523540022E22A /* LaunchScreen.xib */ = {
			isa = PBXVariantGroup;
			children = (
				FCBE977B1B0523540022E22A /* Base */,
			);
			name = LaunchScreen.xib;
			sourceTree = "<group>";
		};
/* End PBXVariantGroup section */

/* Begin XCBuildConfiguration section */
		FCBE97891B0523540022E22A /* Debug */ = {
			isa = XCBuildConfiguration;
			buildSettings = {
				ALWAYS_SEARCH_USER_PATHS = NO;
				CLANG_CXX_LANGUAGE_STANDARD = "gnu++0x";
				CLANG_CXX_LIBRARY = "libc++";
				CLANG_ENABLE_MODULES = YES;
				CLANG_ENABLE_OBJC_ARC = YES;
				CLANG_WARN_BOOL_CONVERSION = YES;
				CLANG_WARN_CONSTANT_CONVERSION = YES;
				CLANG_WARN_DIRECT_OBJC_ISA_USAGE = YES_ERROR;
				CLANG_WARN_EMPTY_BODY = YES;
				CLANG_WARN_ENUM_CONVERSION = YES;
				CLANG_WARN_INT_CONVERSION = YES;
				CLANG_WARN_OBJC_ROOT_CLASS = YES_ERROR;
				CLANG_WARN_UNREACHABLE_CODE = YES;
				CLANG_WARN__DUPLICATE_METHOD_MATCH = YES;
				"CODE_SIGN_IDENTITY[sdk=iphoneos*]" = "iPhone Developer";
				COPY_PHASE_STRIP = NO;
				DEBUG_INFORMATION_FORMAT = "dwarf-with-dsym";
				ENABLE_STRICT_OBJC_MSGSEND = YES;
				GCC_C_LANGUAGE_STANDARD = gnu99;
				GCC_DYNAMIC_NO_PIC = NO;
				GCC_NO_COMMON_BLOCKS = YES;
				GCC_OPTIMIZATION_LEVEL = 0;
				GCC_PREPROCESSOR_DEFINITIONS = (
					"DEBUG=1",
					"$(inherited)",
				);
				GCC_SYMBOLS_PRIVATE_EXTERN = NO;
				GCC_WARN_64_TO_32_BIT_CONVERSION = YES;
				GCC_WARN_ABOUT_RETURN_TYPE = YES_ERROR;
				GCC_WARN_UNDECLARED_SELECTOR = YES;
				GCC_WARN_UNINITIALIZED_AUTOS = YES_AGGRESSIVE;
				GCC_WARN_UNUSED_FUNCTION = YES;
				GCC_WARN_UNUSED_VARIABLE = YES;
				IPHONEOS_DEPLOYMENT_TARGET = 8.3;
				MTL_ENABLE_DEBUG_INFO = YES;
				ONLY_ACTIVE_ARCH = YES;
				SDKROOT = iphoneos;
				SWIFT_OPTIMIZATION_LEVEL = "-Onone";
			};
			name = Debug;
		};
		FCBE978A1B0523540022E22A /* Release */ = {
			isa = XCBuildConfiguration;
			buildSettings = {
				ALWAYS_SEARCH_USER_PATHS = NO;
				CLANG_CXX_LANGUAGE_STANDARD = "gnu++0x";
				CLANG_CXX_LIBRARY = "libc++";
				CLANG_ENABLE_MODULES = YES;
				CLANG_ENABLE_OBJC_ARC = YES;
				CLANG_WARN_BOOL_CONVERSION = YES;
				CLANG_WARN_CONSTANT_CONVERSION = YES;
				CLANG_WARN_DIRECT_OBJC_ISA_USAGE = YES_ERROR;
				CLANG_WARN_EMPTY_BODY = YES;
				CLANG_WARN_ENUM_CONVERSION = YES;
				CLANG_WARN_INT_CONVERSION = YES;
				CLANG_WARN_OBJC_ROOT_CLASS = YES_ERROR;
				CLANG_WARN_UNREACHABLE_CODE = YES;
				CLANG_WARN__DUPLICATE_METHOD_MATCH = YES;
				"CODE_SIGN_IDENTITY[sdk=iphoneos*]" = "iPhone Developer";
				COPY_PHASE_STRIP = NO;
				DEBUG_INFORMATION_FORMAT = "dwarf-with-dsym";
				ENABLE_NS_ASSERTIONS = NO;
				ENABLE_STRICT_OBJC_MSGSEND = YES;
				GCC_C_LANGUAGE_STANDARD = gnu99;
				GCC_NO_COMMON_BLOCKS = YES;
				GCC_WARN_64_TO_32_BIT_CONVERSION = YES;
				GCC_WARN_ABOUT_RETURN_TYPE = YES_ERROR;
				GCC_WARN_UNDECLARED_SELECTOR = YES;
				GCC_WARN_UNINITIALIZED_AUTOS = YES_AGGRESSIVE;
				GCC_WARN_UNUSED_FUNCTION = YES;
				GCC_WARN_UNUSED_VARIABLE = YES;
				IPHONEOS_DEPLOYMENT_TARGET = 8.3;
				MTL_ENABLE_DEBUG_INFO = NO;
				SDKROOT = iphoneos;
				VALIDATE_PRODUCT = YES;
			};
			name = Release;
		};
		FCBE978C1B0523540022E22A /* Debug */ = {
			isa = XCBuildConfiguration;
			buildSettings = {
				ASSETCATALOG_COMPILER_APPICON_NAME = AppIcon;
				INFOPLIST_FILE = "Simple Image Picker/Info.plist";
				LD_RUNPATH_SEARCH_PATHS = "$(inherited) @executable_path/Frameworks";
				PRODUCT_NAME = "$(TARGET_NAME)";
			};
			name = Debug;
		};
		FCBE978D1B0523540022E22A /* Release */ = {
			isa = XCBuildConfiguration;
			buildSettings = {
				ASSETCATALOG_COMPILER_APPICON_NAME = AppIcon;
				INFOPLIST_FILE = "Simple Image Picker/Info.plist";
				LD_RUNPATH_SEARCH_PATHS = "$(inherited) @executable_path/Frameworks";
				PRODUCT_NAME = "$(TARGET_NAME)";
			};
			name = Release;
		};
		FCBE978F1B0523540022E22A /* Debug */ = {
			isa = XCBuildConfiguration;
			buildSettings = {
				BUNDLE_LOADER = "$(TEST_HOST)";
				FRAMEWORK_SEARCH_PATHS = (
					"$(SDKROOT)/Developer/Library/Frameworks",
					"$(inherited)",
				);
				GCC_PREPROCESSOR_DEFINITIONS = (
					"DEBUG=1",
					"$(inherited)",
				);
				INFOPLIST_FILE = "Simple Image PickerTests/Info.plist";
				LD_RUNPATH_SEARCH_PATHS = "$(inherited) @executable_path/Frameworks @loader_path/Frameworks";
				PRODUCT_NAME = "$(TARGET_NAME)";
				TEST_HOST = "$(BUILT_PRODUCTS_DIR)/Simple Image Picker.app/Simple Image Picker";
			};
			name = Debug;
		};
		FCBE97901B0523540022E22A /* Release */ = {
			isa = XCBuildConfiguration;
			buildSettings = {
				BUNDLE_LOADER = "$(TEST_HOST)";
				FRAMEWORK_SEARCH_PATHS = (
					"$(SDKROOT)/Developer/Library/Frameworks",
					"$(inherited)",
				);
				INFOPLIST_FILE = "Simple Image PickerTests/Info.plist";
				LD_RUNPATH_SEARCH_PATHS = "$(inherited) @executable_path/Frameworks @loader_path/Frameworks";
				PRODUCT_NAME = "$(TARGET_NAME)";
				TEST_HOST = "$(BUILT_PRODUCTS_DIR)/Simple Image Picker.app/Simple Image Picker";
			};
			name = Release;
		};
/* End XCBuildConfiguration section */

/* Begin XCConfigurationList section */
		FCBE97671B0523540022E22A /* Build configuration list for PBXProject "Simple Image Picker" */ = {
			isa = XCConfigurationList;
			buildConfigurations = (
				FCBE97891B0523540022E22A /* Debug */,
				FCBE978A1B0523540022E22A /* Release */,
			);
			defaultConfigurationIsVisible = 0;
			defaultConfigurationName = Release;
		};
		FCBE978B1B0523540022E22A /* Build configuration list for PBXNativeTarget "Simple Image Picker" */ = {
			isa = XCConfigurationList;
			buildConfigurations = (
				FCBE978C1B0523540022E22A /* Debug */,
				FCBE978D1B0523540022E22A /* Release */,
			);
			defaultConfigurationIsVisible = 0;
		};
		FCBE978E1B0523540022E22A /* Build configuration list for PBXNativeTarget "Simple Image PickerTests" */ = {
			isa = XCConfigurationList;
			buildConfigurations = (
				FCBE978F1B0523540022E22A /* Debug */,
				FCBE97901B0523540022E22A /* Release */,
			);
			defaultConfigurationIsVisible = 0;
		};
/* End XCConfigurationList section */
	};
	rootObject = FCBE97641B0523540022E22A /* Project object */;
}
